
Microsoft Visual Studio Solution File, Format Version 12.00
# Visual Studio Version 17
VisualStudioVersion = 17.9.34728.123
MinimumVisualStudioVersion = 10.0.40219.1
Project("{FAE04EC0-301F-11D3-BF4B-00C04F79EFBC}") = "WebApplication2", "WebApplication2\WebApplication2.csproj", "{C8CDF89E-AA5B-415D-A06D-F372A4EBA89F}"
EndProject
Global
	GlobalSection(SolutionConfigurationPlatforms) = preSolution
		Debug|Any CPU = Debug|Any CPU
		Release|Any CPU = Release|Any CPU
	EndGlobalSection
	GlobalSection(ProjectConfigurationPlatforms) = postSolution
		{C8CDF89E-AA5B-415D-A06D-F372A4EBA89F}.Debug|Any CPU.ActiveCfg = Debug|Any CPU
		{C8CDF89E-AA5B-415D-A06D-F372A4EBA89F}.Debug|Any CPU.Build.0 = Debug|Any CPU
		{C8CDF89E-AA5B-415D-A06D-F372A4EBA89F}.Release|Any CPU.ActiveCfg = Release|Any CPU
		{C8CDF89E-AA5B-415D-A06D-F372A4EBA89F}.Release|Any CPU.Build.0 = Release|Any CPU
	EndGlobalSection
	GlobalSection(SolutionProperties) = preSolution
		HideSolutionNode = FALSE
	EndGlobalSection
	GlobalSection(ExtensibilityGlobals) = postSolution
		SolutionGuid = {BEDCBF12-CB7B-4684-9904-E73BD437FE9F}
	EndGlobalSection
EndGlobal
